
Microsoft Visual Studio Solution File, Format Version 12.00
# Visual Studio Version 17
VisualStudioVersion = 17.12.35527.113
MinimumVisualStudioVersion = 10.0.40219.1
Project("{FAE04EC0-301F-11D3-BF4B-00C04F79EFBC}") = "ProductManagementUI", "ProductManagementUI\ProductManagementUI.csproj", "{62BD6EC8-CFA2-461D-A9F6-69AEF011D84A}"
EndProject
Project("{FAE04EC0-301F-11D3-BF4B-00C04F79EFBC}") = "ProuctManagementDataAccess", "ProuctManagementDataAccess\ProuctManagementDataAccess.csproj", "{2B3A6E92-579D-42F5-A893-30736C8E17D6}"
EndProject
Project("{FAE04EC0-301F-11D3-BF4B-00C04F79EFBC}") = "ProductManagementBusiness", "ProductManagementBusiness\ProductManagementBusiness.csproj", "{DF8F6599-1B1E-4C67-A68F-4B0EA212B1E1}"
EndProject
Global
	GlobalSection(SolutionConfigurationPlatforms) = preSolution
		Debug|Any CPU = Debug|Any CPU
		Release|Any CPU = Release|Any CPU
	EndGlobalSection
	GlobalSection(ProjectConfigurationPlatforms) = postSolution
		{62BD6EC8-CFA2-461D-A9F6-69AEF011D84A}.Debug|Any CPU.ActiveCfg = Debug|Any CPU
		{62BD6EC8-CFA2-461D-A9F6-69AEF011D84A}.Debug|Any CPU.Build.0 = Debug|Any CPU
		{62BD6EC8-CFA2-461D-A9F6-69AEF011D84A}.Release|Any CPU.ActiveCfg = Release|Any CPU
		{62BD6EC8-CFA2-461D-A9F6-69AEF011D84A}.Release|Any CPU.Build.0 = Release|Any CPU
		{2B3A6E92-579D-42F5-A893-30736C8E17D6}.Debug|Any CPU.ActiveCfg = Debug|Any CPU
		{2B3A6E92-579D-42F5-A893-30736C8E17D6}.Debug|Any CPU.Build.0 = Debug|Any CPU
		{2B3A6E92-579D-42F5-A893-30736C8E17D6}.Release|Any CPU.ActiveCfg = Release|Any CPU
		{2B3A6E92-579D-42F5-A893-30736C8E17D6}.Release|Any CPU.Build.0 = Release|Any CPU
		{DF8F6599-1B1E-4C67-A68F-4B0EA212B1E1}.Debug|Any CPU.ActiveCfg = Debug|Any CPU
		{DF8F6599-1B1E-4C67-A68F-4B0EA212B1E1}.Debug|Any CPU.Build.0 = Debug|Any CPU
		{DF8F6599-1B1E-4C67-A68F-4B0EA212B1E1}.Release|Any CPU.ActiveCfg = Release|Any CPU
		{DF8F6599-1B1E-4C67-A68F-4B0EA212B1E1}.Release|Any CPU.Build.0 = Release|Any CPU
	EndGlobalSection
	GlobalSection(SolutionProperties) = preSolution
		HideSolutionNode = FALSE
	EndGlobalSection
EndGlobal
