
Microsoft Visual Studio Solution File, Format Version 12.00
# Visual Studio Version 17
VisualStudioVersion = 17.11.35327.3
MinimumVisualStudioVersion = 10.0.40219.1
Project("{FAE04EC0-301F-11D3-BF4B-00C04F79EFBC}") = "UserApplication", "StudentApplication\UserApplication.csproj", "{66AEC07C-5371-4E68-8B52-A7C847C264F7}"
EndProject
Project("{FAE04EC0-301F-11D3-BF4B-00C04F79EFBC}") = "UserModel", "StudentModel\UserModel.csproj", "{AEC9AFD6-071A-45E8-80CC-BE28C03F9DB8}"
EndProject
Global
	GlobalSection(SolutionConfigurationPlatforms) = preSolution
		Debug|Any CPU = Debug|Any CPU
		Release|Any CPU = Release|Any CPU
	EndGlobalSection
	GlobalSection(ProjectConfigurationPlatforms) = postSolution
		{66AEC07C-5371-4E68-8B52-A7C847C264F7}.Debug|Any CPU.ActiveCfg = Debug|Any CPU
		{66AEC07C-5371-4E68-8B52-A7C847C264F7}.Debug|Any CPU.Build.0 = Debug|Any CPU
		{66AEC07C-5371-4E68-8B52-A7C847C264F7}.Release|Any CPU.ActiveCfg = Release|Any CPU
		{66AEC07C-5371-4E68-8B52-A7C847C264F7}.Release|Any CPU.Build.0 = Release|Any CPU
		{AEC9AFD6-071A-45E8-80CC-BE28C03F9DB8}.Debug|Any CPU.ActiveCfg = Debug|Any CPU
		{AEC9AFD6-071A-45E8-80CC-BE28C03F9DB8}.Debug|Any CPU.Build.0 = Debug|Any CPU
		{AEC9AFD6-071A-45E8-80CC-BE28C03F9DB8}.Release|Any CPU.ActiveCfg = Release|Any CPU
		{AEC9AFD6-071A-45E8-80CC-BE28C03F9DB8}.Release|Any CPU.Build.0 = Release|Any CPU
	EndGlobalSection
	GlobalSection(SolutionProperties) = preSolution
		HideSolutionNode = FALSE
	EndGlobalSection
	GlobalSection(ExtensibilityGlobals) = postSolution
		SolutionGuid = {FAFFD410-F0F1-49BC-A962-679343271B2F}
	EndGlobalSection
EndGlobal
