
Microsoft Visual Studio Solution File, Format Version 12.00
# Visual Studio Version 17
VisualStudioVersion = 17.12.35514.174 d17.12
MinimumVisualStudioVersion = 10.0.40219.1
Project("{FAE04EC0-301F-11D3-BF4B-00C04F79EFBC}") = "EstateConsoleUI", "Proiect 5 - Real Estate\EstateConsoleUI.csproj", "{5F0D342D-1C2D-4331-8F37-5DA2A00891A0}"
	ProjectSection(ProjectDependencies) = postProject
		{128649BE-38DB-41D7-98BA-3C3531DBEA06} = {128649BE-38DB-41D7-98BA-3C3531DBEA06}
		{FDCCB57B-670C-4E67-BEA5-BC003D17C10F} = {FDCCB57B-670C-4E67-BEA5-BC003D17C10F}
	EndProjectSection
EndProject
Project("{FAE04EC0-301F-11D3-BF4B-00C04F79EFBC}") = "EstateDataAccess", "EstateDataAccess\EstateDataAccess.csproj", "{128649BE-38DB-41D7-98BA-3C3531DBEA06}"
EndProject
Project("{FAE04EC0-301F-11D3-BF4B-00C04F79EFBC}") = "EstateModels", "EstateModels\EstateModels.csproj", "{FDCCB57B-670C-4E67-BEA5-BC003D17C10F}"
EndProject
Global
	GlobalSection(SolutionConfigurationPlatforms) = preSolution
		Debug|Any CPU = Debug|Any CPU
		Release|Any CPU = Release|Any CPU
	EndGlobalSection
	GlobalSection(ProjectConfigurationPlatforms) = postSolution
		{5F0D342D-1C2D-4331-8F37-5DA2A00891A0}.Debug|Any CPU.ActiveCfg = Debug|Any CPU
		{5F0D342D-1C2D-4331-8F37-5DA2A00891A0}.Debug|Any CPU.Build.0 = Debug|Any CPU
		{5F0D342D-1C2D-4331-8F37-5DA2A00891A0}.Release|Any CPU.ActiveCfg = Release|Any CPU
		{5F0D342D-1C2D-4331-8F37-5DA2A00891A0}.Release|Any CPU.Build.0 = Release|Any CPU
		{128649BE-38DB-41D7-98BA-3C3531DBEA06}.Debug|Any CPU.ActiveCfg = Debug|Any CPU
		{128649BE-38DB-41D7-98BA-3C3531DBEA06}.Debug|Any CPU.Build.0 = Debug|Any CPU
		{128649BE-38DB-41D7-98BA-3C3531DBEA06}.Release|Any CPU.ActiveCfg = Release|Any CPU
		{128649BE-38DB-41D7-98BA-3C3531DBEA06}.Release|Any CPU.Build.0 = Release|Any CPU
		{FDCCB57B-670C-4E67-BEA5-BC003D17C10F}.Debug|Any CPU.ActiveCfg = Debug|Any CPU
		{FDCCB57B-670C-4E67-BEA5-BC003D17C10F}.Debug|Any CPU.Build.0 = Debug|Any CPU
		{FDCCB57B-670C-4E67-BEA5-BC003D17C10F}.Release|Any CPU.ActiveCfg = Release|Any CPU
		{FDCCB57B-670C-4E67-BEA5-BC003D17C10F}.Release|Any CPU.Build.0 = Release|Any CPU
	EndGlobalSection
	GlobalSection(SolutionProperties) = preSolution
		HideSolutionNode = FALSE
	EndGlobalSection
EndGlobal
